{
  "nodes": {
    "agenix": {
      "inputs": {
        "nixpkgs": [
          "nixpkgs"
        ]
      },
      "locked": {
        "lastModified": 1641576265,
        "narHash": "sha256-G4W39k5hdu2kS13pi/RhyTOySAo7rmrs7yMUZRH0OZI=",
        "owner": "ryantm",
        "repo": "agenix",
        "rev": "08b9c96878b2f9974fc8bde048273265ad632357",
        "type": "github"
      },
      "original": {
        "owner": "ryantm",
        "repo": "agenix",
        "type": "github"
      }
    },
    "emacs-overlay": {
      "locked": {
        "lastModified": 1641960704,
        "narHash": "sha256-eRy6FKNcFBxQV9UdvjSQUoGxFhLnqTDk1RHRtWe0mWQ=",
        "owner": "nix-community",
        "repo": "emacs-overlay",
        "rev": "ba90d4ee66469dced4f2de1749d41e3551558934",
        "type": "github"
      },
      "original": {
        "owner": "nix-community",
        "repo": "emacs-overlay",
        "type": "github"
      }
    },
    "home-manager": {
      "inputs": {
        "nixpkgs": [
          "nixpkgs"
        ]
      },
      "locked": {
        "lastModified": 1641937533,
        "narHash": "sha256-IJbR1nNV6v/ruWv9iUFi9/qa8tFLmMhbVjzvhSWCWJY=",
        "owner": "nix-community",
        "repo": "home-manager",
        "rev": "d07df8d9a80a4a34ea881bee7860ae437c5d44a5",
        "type": "github"
      },
      "original": {
        "owner": "nix-community",
        "repo": "home-manager",
        "type": "github"
      }
    },
    "nixos-hardware": {
      "locked": {
        "lastModified": 1641934522,
        "narHash": "sha256-9vqROtkAnxkFk6TwnDFY9eD1M2Oiaskn5BxXTZQeQag=",
        "owner": "NixOS",
        "repo": "nixos-hardware",
        "rev": "d7a12fcc071bff59bd0ead589c975d802952a064",
        "type": "github"
      },
      "original": {
        "owner": "NixOS",
        "ref": "master",
        "repo": "nixos-hardware",
        "type": "github"
      }
    },
    "nixpkgs": {
      "locked": {
        "lastModified": 1641870998,
        "narHash": "sha256-6HkxR2WZsm37VoQS7jgp6Omd71iw6t1kP8bDbaqCDuI=",
        "owner": "nixos",
        "repo": "nixpkgs",
        "rev": "386234e2a61e1e8acf94dfa3a3d3ca19a6776efb",
        "type": "github"
      },
      "original": {
        "owner": "nixos",
        "ref": "nixos-21.11",
        "repo": "nixpkgs",
        "type": "github"
      }
    },
    "nixpkgs-unstable": {
      "locked": {
        "lastModified": 1641710811,
        "narHash": "sha256-yVJ+CtwWZY8BnkNIJ/ue5a28yrRM6CkDF1LvmGmqqwM=",
        "owner": "nixos",
        "repo": "nixpkgs",
        "rev": "0ecf7d414811f831060cf55707c374d54fbb1dec",
        "type": "github"
      },
      "original": {
        "owner": "nixos",
        "ref": "nixos-unstable",
        "repo": "nixpkgs",
        "type": "github"
      }
    },
    "root": {
      "inputs": {
        "agenix": "agenix",
        "emacs-overlay": "emacs-overlay",
        "home-manager": "home-manager",
        "nixos-hardware": "nixos-hardware",
        "nixpkgs": "nixpkgs",
        "nixpkgs-unstable": "nixpkgs-unstable"
      }
    }
  },
  "root": "root",
  "version": 7
}
