{
  "nodes": {
    "nixos-hardware": {
      "locked": {
        "narHash": "sha256-cyrJhXSI6s2F3VFQAZV6tACLBCaNJclZagQfzZy+GTE=",
        "path": "./nixos-hardware",
        "type": "path"
      },
      "original": {
        "path": "./nixos-hardware",
        "type": "path"
      }
    },
    "nixpkgs": {
      "locked": {
        "lastModified": 1615888535,
        "narHash": "sha256-wR49KkuahcNq1xU3Tk+Mfbob3g2/B/fpbWPw8X+1wsg=",
        "owner": "nixos",
        "repo": "nixpkgs",
        "rev": "1f77a4c8c74bbe896053994836790aa9bf6dc5ba",
        "type": "github"
      },
      "original": {
        "owner": "nixos",
        "ref": "nixos-unstable",
        "repo": "nixpkgs",
        "type": "github"
      }
    },
    "root": {
      "inputs": {
        "nixos-hardware": "nixos-hardware",
        "nixpkgs": "nixpkgs"
      }
    }
  },
  "root": "root",
  "version": 7
}
