{
  "nodes": {
    "agenix": {
      "inputs": {
        "nixpkgs": [
          "nixpkgs"
        ]
      },
      "locked": {
        "lastModified": 1631896269,
        "narHash": "sha256-DAyCxJ8JacayOzGgGSfzrn7ghtsfL/EsCyk1NEUaAR8=",
        "owner": "ryantm",
        "repo": "agenix",
        "rev": "daf1d773989ac5d949aeef03fce0fe27e583dbca",
        "type": "github"
      },
      "original": {
        "owner": "ryantm",
        "repo": "agenix",
        "type": "github"
      }
    },
    "emacs-overlay": {
      "locked": {
        "lastModified": 1633362790,
        "narHash": "sha256-p0GpcAgaS4DpBbyafz5tUrGKeuJDnLuDExu9cIJDbjc=",
        "owner": "nix-community",
        "repo": "emacs-overlay",
        "rev": "448fd2e006decbb1f56822f199f0580204aedaea",
        "type": "github"
      },
      "original": {
        "owner": "nix-community",
        "repo": "emacs-overlay",
        "type": "github"
      }
    },
    "home-manager": {
      "inputs": {
        "nixpkgs": [
          "nixpkgs"
        ]
      },
      "locked": {
        "lastModified": 1633372222,
        "narHash": "sha256-uh2D+VCQnz/8QasGY8yZs+VHJ2XQyZldRtPvcaIq5rY=",
        "owner": "nix-community",
        "repo": "home-manager",
        "rev": "88f9b333845d3d905463368efed5eabe304d75c2",
        "type": "github"
      },
      "original": {
        "owner": "nix-community",
        "repo": "home-manager",
        "type": "github"
      }
    },
    "nixos-hardware": {
      "locked": {
        "lastModified": 1632990363,
        "narHash": "sha256-SNqz+9Vt4yDHqw8u/CMFdzMQTulKoMlVGJdshfcb5O0=",
        "owner": "NixOS",
        "repo": "nixos-hardware",
        "rev": "0a8b8054c9920368a3c15e6d766188fdf04b736f",
        "type": "github"
      },
      "original": {
        "owner": "NixOS",
        "ref": "master",
        "repo": "nixos-hardware",
        "type": "github"
      }
    },
    "nixpkgs": {
      "locked": {
        "lastModified": 1633351077,
        "narHash": "sha256-z38JG4Bb0GtM1aF1pANVdp1dniMP23Yb3HnRoJRy2uU=",
        "owner": "nixos",
        "repo": "nixpkgs",
        "rev": "14aef06d9b3ad1d07626bdbb16083b83f92dc6c1",
        "type": "github"
      },
      "original": {
        "owner": "nixos",
        "ref": "nixos-unstable",
        "repo": "nixpkgs",
        "type": "github"
      }
    },
    "root": {
      "inputs": {
        "agenix": "agenix",
        "emacs-overlay": "emacs-overlay",
        "home-manager": "home-manager",
        "nixos-hardware": "nixos-hardware",
        "nixpkgs": "nixpkgs"
      }
    }
  },
  "root": "root",
  "version": 7
}
